// !$*UTF8*$!
{
	archiveVersion = 1;
	classes = {
	};
	objectVersion = 55;
	objects = {

/* Begin PBXBuildFile section */
		AC8672CB29F88FCB00DFA339 /* AppDelegate.swift in Sources */ = {isa = PBXBuildFile; fileRef = AC8672CA29F88FCB00DFA339 /* AppDelegate.swift */; };
		AC8672CD29F88FCB00DFA339 /* SceneDelegate.swift in Sources */ = {isa = PBXBuildFile; fileRef = AC8672CC29F88FCB00DFA339 /* SceneDelegate.swift */; };
		AC8672CF29F88FCB00DFA339 /* ViewController.swift in Sources */ = {isa = PBXBuildFile; fileRef = AC8672CE29F88FCB00DFA339 /* ViewController.swift */; };
		AC8672D229F88FCB00DFA339 /* Main.storyboard in Resources */ = {isa = PBXBuildFile; fileRef = AC8672D029F88FCB00DFA339 /* Main.storyboard */; };
		AC8672D429F88FCE00DFA339 /* Assets.xcassets in Resources */ = {isa = PBXBuildFile; fileRef = AC8672D329F88FCE00DFA339 /* Assets.xcassets */; };
		AC8672D729F88FCE00DFA339 /* LaunchScreen.storyboard in Resources */ = {isa = PBXBuildFile; fileRef = AC8672D529F88FCE00DFA339 /* LaunchScreen.storyboard */; };
		AC8672FF29F89D6400DFA339 /* TelaXViewController.swift in Sources */ = {isa = PBXBuildFile; fileRef = AC8672FE29F89D6400DFA339 /* TelaXViewController.swift */; };
		ACB27CA52A0B05E0007C8974 /* TelaVermelhaViewController.swift in Sources */ = {isa = PBXBuildFile; fileRef = ACB27CA42A0B05E0007C8974 /* TelaVermelhaViewController.swift */; };
		ACB27CA72A0B0B27007C8974 /* TelaInicialViewController.swift in Sources */ = {isa = PBXBuildFile; fileRef = ACB27CA62A0B0B27007C8974 /* TelaInicialViewController.swift */; };
/* End PBXBuildFile section */

/* Begin PBXFileReference section */
		AC8672C729F88FCA00DFA339 /* NavegandoEntreTelas.app */ = {isa = PBXFileReference; explicitFileType = wrapper.application; includeInIndex = 0; path = NavegandoEntreTelas.app; sourceTree = BUILT_PRODUCTS_DIR; };
		AC8672CA29F88FCB00DFA339 /* AppDelegate.swift */ = {isa = PBXFileReference; lastKnownFileType = sourcecode.swift; path = AppDelegate.swift; sourceTree = "<group>"; };
		AC8672CC29F88FCB00DFA339 /* SceneDelegate.swift */ = {isa = PBXFileReference; lastKnownFileType = sourcecode.swift; path = SceneDelegate.swift; sourceTree = "<group>"; };
		AC8672CE29F88FCB00DFA339 /* ViewController.swift */ = {isa = PBXFileReference; lastKnownFileType = sourcecode.swift; path = ViewController.swift; sourceTree = "<group>"; };
		AC8672D129F88FCB00DFA339 /* Base */ = {isa = PBXFileReference; lastKnownFileType = file.storyboard; name = Base; path = Base.lproj/Main.storyboard; sourceTree = "<group>"; };
		AC8672D329F88FCE00DFA339 /* Assets.xcassets */ = {isa = PBXFileReference; lastKnownFileType = folder.assetcatalog; path = Assets.xcassets; sourceTree = "<group>"; };
		AC8672D629F88FCE00DFA339 /* Base */ = {isa = PBXFileReference; lastKnownFileType = file.storyboard; name = Base; path = Base.lproj/LaunchScreen.storyboard; sourceTree = "<group>"; };
		AC8672D829F88FCE00DFA339 /* Info.plist */ = {isa = PBXFileReference; lastKnownFileType = text.plist.xml; path = Info.plist; sourceTree = "<group>"; };
		AC8672FE29F89D6400DFA339 /* TelaXViewController.swift */ = {isa = PBXFileReference; lastKnownFileType = sourcecode.swift; path = TelaXViewController.swift; sourceTree = SOURCE_ROOT; };
		ACB27CA42A0B05E0007C8974 /* TelaVermelhaViewController.swift */ = {isa = PBXFileReference; lastKnownFileType = sourcecode.swift; path = TelaVermelhaViewController.swift; sourceTree = "<group>"; };
		ACB27CA62A0B0B27007C8974 /* TelaInicialViewController.swift */ = {isa = PBXFileReference; lastKnownFileType = sourcecode.swift; path = TelaInicialViewController.swift; sourceTree = "<group>"; };
/* End PBXFileReference section */

/* Begin PBXFrameworksBuildPhase section */
		AC8672C429F88FCA00DFA339 /* Frameworks */ = {
			isa = PBXFrameworksBuildPhase;
			buildActionMask = 2147483647;
			files = (
			);
			runOnlyForDeploymentPostprocessing = 0;
		};
/* End PBXFrameworksBuildPhase section */

/* Begin PBXGroup section */
		AC8672BE29F88FCA00DFA339 = {
			isa = PBXGroup;
			children = (
				AC8672C929F88FCB00DFA339 /* NavegandoEntreTelas */,
				AC8672C829F88FCA00DFA339 /* Products */,
			);
			sourceTree = "<group>";
		};
		AC8672C829F88FCA00DFA339 /* Products */ = {
			isa = PBXGroup;
			children = (
				AC8672C729F88FCA00DFA339 /* NavegandoEntreTelas.app */,
			);
			name = Products;
			sourceTree = "<group>";
		};
		AC8672C929F88FCB00DFA339 /* NavegandoEntreTelas */ = {
			isa = PBXGroup;
			children = (
				AC8672CA29F88FCB00DFA339 /* AppDelegate.swift */,
				AC8672CC29F88FCB00DFA339 /* SceneDelegate.swift */,
				AC8672CE29F88FCB00DFA339 /* ViewController.swift */,
				AC8672FE29F89D6400DFA339 /* TelaXViewController.swift */,
				ACB27CA62A0B0B27007C8974 /* TelaInicialViewController.swift */,
				AC8672D029F88FCB00DFA339 /* Main.storyboard */,
				ACB27CA42A0B05E0007C8974 /* TelaVermelhaViewController.swift */,
				AC8672D329F88FCE00DFA339 /* Assets.xcassets */,
				AC8672D529F88FCE00DFA339 /* LaunchScreen.storyboard */,
				AC8672D829F88FCE00DFA339 /* Info.plist */,
			);
			path = NavegandoEntreTelas;
			sourceTree = "<group>";
		};
/* End PBXGroup section */

/* Begin PBXNativeTarget section */
		AC8672C629F88FCA00DFA339 /* NavegandoEntreTelas */ = {
			isa = PBXNativeTarget;
			buildConfigurationList = AC8672DB29F88FCE00DFA339 /* Build configuration list for PBXNativeTarget "NavegandoEntreTelas" */;
			buildPhases = (
				AC8672C329F88FCA00DFA339 /* Sources */,
				AC8672C429F88FCA00DFA339 /* Frameworks */,
				AC8672C529F88FCA00DFA339 /* Resources */,
			);
			buildRules = (
			);
			dependencies = (
			);
			name = NavegandoEntreTelas;
			productName = NavegandoEntreTelas;
			productReference = AC8672C729F88FCA00DFA339 /* NavegandoEntreTelas.app */;
			productType = "com.apple.product-type.application";
		};
/* End PBXNativeTarget section */

/* Begin PBXProject section */
		AC8672BF29F88FCA00DFA339 /* Project object */ = {
			isa = PBXProject;
			attributes = {
				BuildIndependentTargetsInParallel = 1;
				LastSwiftUpdateCheck = 1340;
				LastUpgradeCheck = 1340;
				TargetAttributes = {
					AC8672C629F88FCA00DFA339 = {
						CreatedOnToolsVersion = 13.4;
					};
				};
			};
			buildConfigurationList = AC8672C229F88FCA00DFA339 /* Build configuration list for PBXProject "NavegandoEntreTelas" */;
			compatibilityVersion = "Xcode 13.0";
			developmentRegion = en;
			hasScannedForEncodings = 0;
			knownRegions = (
				en,
				Base,
			);
			mainGroup = AC8672BE29F88FCA00DFA339;
			productRefGroup = AC8672C829F88FCA00DFA339 /* Products */;
			projectDirPath = "";
			projectRoot = "";
			targets = (
				AC8672C629F88FCA00DFA339 /* NavegandoEntreTelas */,
			);
		};
/* End PBXProject section */

/* Begin PBXResourcesBuildPhase section */
		AC8672C529F88FCA00DFA339 /* Resources */ = {
			isa = PBXResourcesBuildPhase;
			buildActionMask = 2147483647;
			files = (
				AC8672D729F88FCE00DFA339 /* LaunchScreen.storyboard in Resources */,
				AC8672D429F88FCE00DFA339 /* Assets.xcassets in Resources */,
				AC8672D229F88FCB00DFA339 /* Main.storyboard in Resources */,
			);
			runOnlyForDeploymentPostprocessing = 0;
		};
/* End PBXResourcesBuildPhase section */

/* Begin PBXSourcesBuildPhase section */
		AC8672C329F88FCA00DFA339 /* Sources */ = {
			isa = PBXSourcesBuildPhase;
			buildActionMask = 2147483647;
			files = (
				AC8672CF29F88FCB00DFA339 /* ViewController.swift in Sources */,
				ACB27CA52A0B05E0007C8974 /* TelaVermelhaViewController.swift in Sources */,
				AC8672FF29F89D6400DFA339 /* TelaXViewController.swift in Sources */,
				AC8672CB29F88FCB00DFA339 /* AppDelegate.swift in Sources */,
				ACB27CA72A0B0B27007C8974 /* TelaInicialViewController.swift in Sources */,
				AC8672CD29F88FCB00DFA339 /* SceneDelegate.swift in Sources */,
			);
			runOnlyForDeploymentPostprocessing = 0;
		};
/* End PBXSourcesBuildPhase section */

/* Begin PBXVariantGroup section */
		AC8672D029F88FCB00DFA339 /* Main.storyboard */ = {
			isa = PBXVariantGroup;
			children = (
				AC8672D129F88FCB00DFA339 /* Base */,
			);
			name = Main.storyboard;
			sourceTree = "<group>";
		};
		AC8672D529F88FCE00DFA339 /* LaunchScreen.storyboard */ = {
			isa = PBXVariantGroup;
			children = (
				AC8672D629F88FCE00DFA339 /* Base */,
			);
			name = LaunchScreen.storyboard;
			sourceTree = "<group>";
		};
/* End PBXVariantGroup section */

/* Begin XCBuildConfiguration section */
		AC8672D929F88FCE00DFA339 /* Debug */ = {
			isa = XCBuildConfiguration;
			buildSettings = {
				ALWAYS_SEARCH_USER_PATHS = NO;
				CLANG_ANALYZER_NONNULL = YES;
				CLANG_ANALYZER_NUMBER_OBJECT_CONVERSION = YES_AGGRESSIVE;
				CLANG_CXX_LANGUAGE_STANDARD = "gnu++17";
				CLANG_ENABLE_MODULES = YES;
				CLANG_ENABLE_OBJC_ARC = YES;
				CLANG_ENABLE_OBJC_WEAK = YES;
				CLANG_WARN_BLOCK_CAPTURE_AUTORELEASING = YES;
				CLANG_WARN_BOOL_CONVERSION = YES;
				CLANG_WARN_COMMA = YES;
				CLANG_WARN_CONSTANT_CONVERSION = YES;
				CLANG_WARN_DEPRECATED_OBJC_IMPLEMENTATIONS = YES;
				CLANG_WARN_DIRECT_OBJC_ISA_USAGE = YES_ERROR;
				CLANG_WARN_DOCUMENTATION_COMMENTS = YES;
				CLANG_WARN_EMPTY_BODY = YES;
				CLANG_WARN_ENUM_CONVERSION = YES;
				CLANG_WARN_INFINITE_RECURSION = YES;
				CLANG_WARN_INT_CONVERSION = YES;
				CLANG_WARN_NON_LITERAL_NULL_CONVERSION = YES;
				CLANG_WARN_OBJC_IMPLICIT_RETAIN_SELF = YES;
				CLANG_WARN_OBJC_LITERAL_CONVERSION = YES;
				CLANG_WARN_OBJC_ROOT_CLASS = YES_ERROR;
				CLANG_WARN_QUOTED_INCLUDE_IN_FRAMEWORK_HEADER = YES;
				CLANG_WARN_RANGE_LOOP_ANALYSIS = YES;
				CLANG_WARN_STRICT_PROTOTYPES = YES;
				CLANG_WARN_SUSPICIOUS_MOVE = YES;
				CLANG_WARN_UNGUARDED_AVAILABILITY = YES_AGGRESSIVE;
				CLANG_WARN_UNREACHABLE_CODE = YES;
				CLANG_WARN__DUPLICATE_METHOD_MATCH = YES;
				COPY_PHASE_STRIP = NO;
				DEBUG_INFORMATION_FORMAT = dwarf;
				ENABLE_STRICT_OBJC_MSGSEND = YES;
				ENABLE_TESTABILITY = YES;
				GCC_C_LANGUAGE_STANDARD = gnu11;
				GCC_DYNAMIC_NO_PIC = NO;
				GCC_NO_COMMON_BLOCKS = YES;
				GCC_OPTIMIZATION_LEVEL = 0;
				GCC_PREPROCESSOR_DEFINITIONS = (
					"DEBUG=1",
					"$(inherited)",
				);
				GCC_WARN_64_TO_32_BIT_CONVERSION = YES;
				GCC_WARN_ABOUT_RETURN_TYPE = YES_ERROR;
				GCC_WARN_UNDECLARED_SELECTOR = YES;
				GCC_WARN_UNINITIALIZED_AUTOS = YES_AGGRESSIVE;
				GCC_WARN_UNUSED_FUNCTION = YES;
				GCC_WARN_UNUSED_VARIABLE = YES;
				IPHONEOS_DEPLOYMENT_TARGET = 15.5;
				MTL_ENABLE_DEBUG_INFO = INCLUDE_SOURCE;
				MTL_FAST_MATH = YES;
				ONLY_ACTIVE_ARCH = YES;
				SDKROOT = iphoneos;
				SWIFT_ACTIVE_COMPILATION_CONDITIONS = DEBUG;
				SWIFT_OPTIMIZATION_LEVEL = "-Onone";
			};
			name = Debug;
		};
		AC8672DA29F88FCE00DFA339 /* Release */ = {
			isa = XCBuildConfiguration;
			buildSettings = {
				ALWAYS_SEARCH_USER_PATHS = NO;
				CLANG_ANALYZER_NONNULL = YES;
				CLANG_ANALYZER_NUMBER_OBJECT_CONVERSION = YES_AGGRESSIVE;
				CLANG_CXX_LANGUAGE_STANDARD = "gnu++17";
				CLANG_ENABLE_MODULES = YES;
				CLANG_ENABLE_OBJC_ARC = YES;
				CLANG_ENABLE_OBJC_WEAK = YES;
				CLANG_WARN_BLOCK_CAPTURE_AUTORELEASING = YES;
				CLANG_WARN_BOOL_CONVERSION = YES;
				CLANG_WARN_COMMA = YES;
				CLANG_WARN_CONSTANT_CONVERSION = YES;
				CLANG_WARN_DEPRECATED_OBJC_IMPLEMENTATIONS = YES;
				CLANG_WARN_DIRECT_OBJC_ISA_USAGE = YES_ERROR;
				CLANG_WARN_DOCUMENTATION_COMMENTS = YES;
				CLANG_WARN_EMPTY_BODY = YES;
				CLANG_WARN_ENUM_CONVERSION = YES;
				CLANG_WARN_INFINITE_RECURSION = YES;
				CLANG_WARN_INT_CONVERSION = YES;
				CLANG_WARN_NON_LITERAL_NULL_CONVERSION = YES;
				CLANG_WARN_OBJC_IMPLICIT_RETAIN_SELF = YES;
				CLANG_WARN_OBJC_LITERAL_CONVERSION = YES;
				CLANG_WARN_OBJC_ROOT_CLASS = YES_ERROR;
				CLANG_WARN_QUOTED_INCLUDE_IN_FRAMEWORK_HEADER = YES;
				CLANG_WARN_RANGE_LOOP_ANALYSIS = YES;
				CLANG_WARN_STRICT_PROTOTYPES = YES;
				CLANG_WARN_SUSPICIOUS_MOVE = YES;
				CLANG_WARN_UNGUARDED_AVAILABILITY = YES_AGGRESSIVE;
				CLANG_WARN_UNREACHABLE_CODE = YES;
				CLANG_WARN__DUPLICATE_METHOD_MATCH = YES;
				COPY_PHASE_STRIP = NO;
				DEBUG_INFORMATION_FORMAT = "dwarf-with-dsym";
				ENABLE_NS_ASSERTIONS = NO;
				ENABLE_STRICT_OBJC_MSGSEND = YES;
				GCC_C_LANGUAGE_STANDARD = gnu11;
				GCC_NO_COMMON_BLOCKS = YES;
				GCC_WARN_64_TO_32_BIT_CONVERSION = YES;
				GCC_WARN_ABOUT_RETURN_TYPE = YES_ERROR;
				GCC_WARN_UNDECLARED_SELECTOR = YES;
				GCC_WARN_UNINITIALIZED_AUTOS = YES_AGGRESSIVE;
				GCC_WARN_UNUSED_FUNCTION = YES;
				GCC_WARN_UNUSED_VARIABLE = YES;
				IPHONEOS_DEPLOYMENT_TARGET = 15.5;
				MTL_ENABLE_DEBUG_INFO = NO;
				MTL_FAST_MATH = YES;
				SDKROOT = iphoneos;
				SWIFT_COMPILATION_MODE = wholemodule;
				SWIFT_OPTIMIZATION_LEVEL = "-O";
				VALIDATE_PRODUCT = YES;
			};
			name = Release;
		};
		AC8672DC29F88FCE00DFA339 /* Debug */ = {
			isa = XCBuildConfiguration;
			buildSettings = {
				ASSETCATALOG_COMPILER_APPICON_NAME = AppIcon;
				ASSETCATALOG_COMPILER_GLOBAL_ACCENT_COLOR_NAME = AccentColor;
				CODE_SIGN_STYLE = Automatic;
				CURRENT_PROJECT_VERSION = 1;
				GENERATE_INFOPLIST_FILE = YES;
				INFOPLIST_FILE = NavegandoEntreTelas/Info.plist;
				INFOPLIST_KEY_UIApplicationSupportsIndirectInputEvents = YES;
				INFOPLIST_KEY_UILaunchStoryboardName = LaunchScreen;
				INFOPLIST_KEY_UIMainStoryboardFile = Main;
				INFOPLIST_KEY_UISupportedInterfaceOrientations_iPad = "UIInterfaceOrientationPortrait UIInterfaceOrientationPortraitUpsideDown UIInterfaceOrientationLandscapeLeft UIInterfaceOrientationLandscapeRight";
				INFOPLIST_KEY_UISupportedInterfaceOrientations_iPhone = "UIInterfaceOrientationPortrait UIInterfaceOrientationLandscapeLeft UIInterfaceOrientationLandscapeRight";
				LD_RUNPATH_SEARCH_PATHS = (
					"$(inherited)",
					"@executable_path/Frameworks",
				);
				MARKETING_VERSION = 1.0;
				PRODUCT_BUNDLE_IDENTIFIER = com.fiap.NavegandoEntreTelas;
				PRODUCT_NAME = "$(TARGET_NAME)";
				SWIFT_EMIT_LOC_STRINGS = YES;
				SWIFT_VERSION = 5.0;
				TARGETED_DEVICE_FAMILY = "1,2";
			};
			name = Debug;
		};
		AC8672DD29F88FCE00DFA339 /* Release */ = {
			isa = XCBuildConfiguration;
			buildSettings = {
				ASSETCATALOG_COMPILER_APPICON_NAME = AppIcon;
				ASSETCATALOG_COMPILER_GLOBAL_ACCENT_COLOR_NAME = AccentColor;
				CODE_SIGN_STYLE = Automatic;
				CURRENT_PROJECT_VERSION = 1;
				GENERATE_INFOPLIST_FILE = YES;
				INFOPLIST_FILE = NavegandoEntreTelas/Info.plist;
				INFOPLIST_KEY_UIApplicationSupportsIndirectInputEvents = YES;
				INFOPLIST_KEY_UILaunchStoryboardName = LaunchScreen;
				INFOPLIST_KEY_UIMainStoryboardFile = Main;
				INFOPLIST_KEY_UISupportedInterfaceOrientations_iPad = "UIInterfaceOrientationPortrait UIInterfaceOrientationPortraitUpsideDown UIInterfaceOrientationLandscapeLeft UIInterfaceOrientationLandscapeRight";
				INFOPLIST_KEY_UISupportedInterfaceOrientations_iPhone = "UIInterfaceOrientationPortrait UIInterfaceOrientationLandscapeLeft UIInterfaceOrientationLandscapeRight";
				LD_RUNPATH_SEARCH_PATHS = (
					"$(inherited)",
					"@executable_path/Frameworks",
				);
				MARKETING_VERSION = 1.0;
				PRODUCT_BUNDLE_IDENTIFIER = com.fiap.NavegandoEntreTelas;
				PRODUCT_NAME = "$(TARGET_NAME)";
				SWIFT_EMIT_LOC_STRINGS = YES;
				SWIFT_VERSION = 5.0;
				TARGETED_DEVICE_FAMILY = "1,2";
			};
			name = Release;
		};
/* End XCBuildConfiguration section */

/* Begin XCConfigurationList section */
		AC8672C229F88FCA00DFA339 /* Build configuration list for PBXProject "NavegandoEntreTelas" */ = {
			isa = XCConfigurationList;
			buildConfigurations = (
				AC8672D929F88FCE00DFA339 /* Debug */,
				AC8672DA29F88FCE00DFA339 /* Release */,
			);
			defaultConfigurationIsVisible = 0;
			defaultConfigurationName = Release;
		};
		AC8672DB29F88FCE00DFA339 /* Build configuration list for PBXNativeTarget "NavegandoEntreTelas" */ = {
			isa = XCConfigurationList;
			buildConfigurations = (
				AC8672DC29F88FCE00DFA339 /* Debug */,
				AC8672DD29F88FCE00DFA339 /* Release */,
			);
			defaultConfigurationIsVisible = 0;
			defaultConfigurationName = Release;
		};
/* End XCConfigurationList section */
	};
	rootObject = AC8672BF29F88FCA00DFA339 /* Project object */;
}
